
Microsoft Visual Studio Solution File, Format Version 12.00
# Visual Studio Version 17
VisualStudioVersion = 17.2.32630.192
MinimumVisualStudioVersion = 10.0.40219.1
Project("{FAE04EC0-301F-11D3-BF4B-00C04F79EFBC}") = "mouse_tracking_web_app", "mouse_tracking_web_app.csproj", "{0BFAA999-F3FB-4601-8964-BCB8164A0857}"
EndProject
Project("{2150E333-8FDC-42A3-9474-1A3956D46DE8}") = "Solution Items", "Solution Items", "{AEB75FF7-0F07-40AC-9DBA-ADDEC883DD58}"
	ProjectSection(SolutionItems) = preProject
		.editorconfig = .editorconfig
	EndProjectSection
EndProject
Global
	GlobalSection(SolutionConfigurationPlatforms) = preSolution
		Debug|Any CPU = Debug|Any CPU
		Debug|x64 = Debug|x64
		Debug|x86 = Debug|x86
		Release|Any CPU = Release|Any CPU
		Release|x64 = Release|x64
		Release|x86 = Release|x86
	EndGlobalSection
	GlobalSection(ProjectConfigurationPlatforms) = postSolution
		{0BFAA999-F3FB-4601-8964-BCB8164A0857}.Debug|Any CPU.ActiveCfg = Debug|Any CPU
		{0BFAA999-F3FB-4601-8964-BCB8164A0857}.Debug|Any CPU.Build.0 = Debug|Any CPU
		{0BFAA999-F3FB-4601-8964-BCB8164A0857}.Debug|x64.ActiveCfg = Debug|x64
		{0BFAA999-F3FB-4601-8964-BCB8164A0857}.Debug|x64.Build.0 = Debug|x64
		{0BFAA999-F3FB-4601-8964-BCB8164A0857}.Debug|x86.ActiveCfg = Debug|x86
		{0BFAA999-F3FB-4601-8964-BCB8164A0857}.Debug|x86.Build.0 = Debug|x86
		{0BFAA999-F3FB-4601-8964-BCB8164A0857}.Release|Any CPU.ActiveCfg = Release|Any CPU
		{0BFAA999-F3FB-4601-8964-BCB8164A0857}.Release|Any CPU.Build.0 = Release|Any CPU
		{0BFAA999-F3FB-4601-8964-BCB8164A0857}.Release|x64.ActiveCfg = Release|x64
		{0BFAA999-F3FB-4601-8964-BCB8164A0857}.Release|x64.Build.0 = Release|x64
		{0BFAA999-F3FB-4601-8964-BCB8164A0857}.Release|x86.ActiveCfg = Release|x86
		{0BFAA999-F3FB-4601-8964-BCB8164A0857}.Release|x86.Build.0 = Release|x86
	EndGlobalSection
	GlobalSection(SolutionProperties) = preSolution
		HideSolutionNode = FALSE
	EndGlobalSection
	GlobalSection(ExtensibilityGlobals) = postSolution
		SolutionGuid = {C6FEBF08-A1CE-4FBC-84EB-6F9AD4D7E3E0}
	EndGlobalSection
EndGlobal
